<?xml version="1.0" encoding="UTF-8" standalone="yes" ?>
<CodeBlocks_project_file>
	<FileVersion major="1" minor="6" />
	<Project>
		<Option title="proyectoCerrajeria" />
		<Option pch_mode="2" />
		<Option compiler="gcc" />
		<Build>
			<Target title="Debug">
				<Option output="bin/Debug/proyectoCerrajeria" prefix_auto="1" extension_auto="1" />
				<Option object_output="obj/Debug/" />
				<Option type="1" />
				<Option compiler="gcc" />
				<Compiler>
					<Add option="-g" />
				</Compiler>
			</Target>
			<Target title="Release">
				<Option output="bin/Release/proyectoCerrajeria" prefix_auto="1" extension_auto="1" />
				<Option object_output="obj/Release/" />
				<Option type="1" />
				<Option compiler="gcc" />
				<Compiler>
					<Add option="-O2" />
				</Compiler>
				<Linker>
					<Add option="-s" />
				</Linker>
			</Target>
		</Build>
		<Compiler>
			<Add option="-Wall" />
			<Add option="-fexceptions" />
		</Compiler>
		<Unit filename="Cliente.cpp">
			<Option target="&lt;{~None~}&gt;" />
		</Unit>
		<Unit filename="Cliente.h" />
		<Unit filename="ClienteArchivo.cpp" />
		<Unit filename="ClienteArchivo.h" />
		<Unit filename="ClienteManager.cpp" />
		<Unit filename="ClienteManager.h" />
		<Unit filename="Compra.cpp" />
		<Unit filename="Compra.h" />
		<Unit filename="CompraArchivo.cpp" />
		<Unit filename="CompraArchivo.h" />
		<Unit filename="CompraManager.cpp" />
		<Unit filename="CompraManager.h" />
		<Unit filename="DetalleCompra.cpp" />
		<Unit filename="DetalleCompra.h" />
		<Unit filename="DetalleCompraArchivo.cpp" />
		<Unit filename="DetalleCompraArchivo.h" />
		<Unit filename="DetalleCompraManager.cpp" />
		<Unit filename="DetalleCompraManager.h" />
		<Unit filename="DetallePedido.cpp" />
		<Unit filename="DetallePedido.h" />
		<Unit filename="DetallePedidoArchivo.cpp" />
		<Unit filename="DetallePedidoArchivo.h" />
		<Unit filename="DetallePedidoManager.cpp" />
		<Unit filename="DetallePedidoManager.h" />
		<Unit filename="Empleado.cpp" />
		<Unit filename="Empleado.h" />
		<Unit filename="EmpleadoArchivo.cpp" />
		<Unit filename="EmpleadoArchivo.h" />
		<Unit filename="EmpleadoManager.cpp" />
		<Unit filename="EmpleadoManager.h" />
		<Unit filename="Fecha.cpp" />
		<Unit filename="Fecha.h" />
		<Unit filename="PedidoCliente.cpp" />
		<Unit filename="PedidoCliente.h" />
		<Unit filename="PedidoClienteArchivo.cpp" />
		<Unit filename="PedidoClienteArchivo.h" />
		<Unit filename="PedidoClienteManager.cpp" />
		<Unit filename="PedidoClienteManager.h" />
		<Unit filename="Producto.cpp" />
		<Unit filename="Producto.h" />
		<Unit filename="ProductoArchivo.cpp" />
		<Unit filename="ProductoArchivo.h" />
		<Unit filename="ProductoManager.cpp" />
		<Unit filename="ProductoManager.h" />
		<Unit filename="Proveedor.cpp" />
		<Unit filename="Proveedor.h" />
		<Unit filename="ProveedorArchivo.cpp" />
		<Unit filename="ProveedorArchivo.h" />
		<Unit filename="ProveedorManager.cpp" />
		<Unit filename="ProveedorManager.h" />
		<Unit filename="Servicio.cpp" />
		<Unit filename="Servicio.h" />
		<Unit filename="ServicioArchivo.cpp" />
		<Unit filename="ServicioArchivo.h" />
		<Unit filename="ServicioManager.cpp" />
		<Unit filename="ServicioManager.h" />
		<Unit filename="main.cpp" />
		<Unit filename="menus.cpp" />
		<Unit filename="menus.h" />
		<Extensions />
	</Project>
</CodeBlocks_project_file>
